
Microsoft Visual Studio Solution File, Format Version 12.00
# Visual Studio Version 17
VisualStudioVersion = 17.3.32929.385
MinimumVisualStudioVersion = 10.0.40219.1
Project("{FAE04EC0-301F-11D3-BF4B-00C04F79EFBC}") = "exercicioProposto", "exercicioProposto\exercicioProposto.csproj", "{FC87BC21-7290-4874-92F0-2CB3C0F6726B}"
EndProject
Global
	GlobalSection(SolutionConfigurationPlatforms) = preSolution
		Debug|Any CPU = Debug|Any CPU
		Release|Any CPU = Release|Any CPU
	EndGlobalSection
	GlobalSection(ProjectConfigurationPlatforms) = postSolution
		{FC87BC21-7290-4874-92F0-2CB3C0F6726B}.Debug|Any CPU.ActiveCfg = Debug|Any CPU
		{FC87BC21-7290-4874-92F0-2CB3C0F6726B}.Debug|Any CPU.Build.0 = Debug|Any CPU
		{FC87BC21-7290-4874-92F0-2CB3C0F6726B}.Release|Any CPU.ActiveCfg = Release|Any CPU
		{FC87BC21-7290-4874-92F0-2CB3C0F6726B}.Release|Any CPU.Build.0 = Release|Any CPU
	EndGlobalSection
	GlobalSection(SolutionProperties) = preSolution
		HideSolutionNode = FALSE
	EndGlobalSection
	GlobalSection(ExtensibilityGlobals) = postSolution
		SolutionGuid = {093A4451-50FA-46E8-A33F-C4E1109BD5DC}
	EndGlobalSection
EndGlobal
